
Microsoft Visual Studio Solution File, Format Version 12.00
# Visual Studio Version 17
VisualStudioVersion = 17.9.34622.214
MinimumVisualStudioVersion = 10.0.40219.1
Project("{FAE04EC0-301F-11D3-BF4B-00C04F79EFBC}") = "OwnSerialization", "OwnSerialization.csproj", "{2E3836D5-A479-40C7-A7D0-46BC1010BE30}"
EndProject
Global
	GlobalSection(SolutionConfigurationPlatforms) = preSolution
		Debug|Any CPU = Debug|Any CPU
		Release|Any CPU = Release|Any CPU
	EndGlobalSection
	GlobalSection(ProjectConfigurationPlatforms) = postSolution
		{2E3836D5-A479-40C7-A7D0-46BC1010BE30}.Debug|Any CPU.ActiveCfg = Debug|Any CPU
		{2E3836D5-A479-40C7-A7D0-46BC1010BE30}.Debug|Any CPU.Build.0 = Debug|Any CPU
		{2E3836D5-A479-40C7-A7D0-46BC1010BE30}.Release|Any CPU.ActiveCfg = Release|Any CPU
		{2E3836D5-A479-40C7-A7D0-46BC1010BE30}.Release|Any CPU.Build.0 = Release|Any CPU
	EndGlobalSection
	GlobalSection(SolutionProperties) = preSolution
		HideSolutionNode = FALSE
	EndGlobalSection
	GlobalSection(ExtensibilityGlobals) = postSolution
		SolutionGuid = {794A577E-DFEE-4FC8-9849-B6E2B25277DF}
	EndGlobalSection
EndGlobal
